{
  "projects": [
    {
      "projectId": "eAfySU99xvgJvThuywVa8D",
      "version": "latest",
      "dependencies": {},
      "lang": "ts",
      "fileLocks": [
        {
          "type": "renderModule",
          "assetId": "zj0WUh2VYjv9",
          "checksum": "d9e7e77455477d6ad0e6a852c98e7f37"
        },
        {
          "type": "cssRules",
          "assetId": "zj0WUh2VYjv9",
          "checksum": "d9e7e77455477d6ad0e6a852c98e7f37"
        },
        {
          "type": "icon",
          "assetId": "aje5RrdBvh49",
          "checksum": "71cccf1fdecd077fba03b2fc7ff796ae"
        },
        {
          "type": "icon",
          "assetId": "6jVF8r7q4Csx",
          "checksum": "edb6f9192c6cabc40112080a86125581"
        },
        {
          "type": "icon",
          "assetId": "hmVOhDwose47",
          "checksum": "104a3f1b9d563f8f08b45b1dc464b0cf"
        },
        {
          "type": "icon",
          "assetId": "uyUrLK7XOEWs",
          "checksum": "9d72fb15794ffb05a56d329e4fa1f746"
        },
        {
          "type": "icon",
          "assetId": "kMqbc5N4x4T3",
          "checksum": "037701e7e1113d609d2476d4971dae1e"
        },
        {
          "type": "icon",
          "assetId": "dISBy5rD88eW",
          "checksum": "b72f8529000be76014176c0699354892"
        },
        {
          "type": "icon",
          "assetId": "cv_XSEvT7fHx",
          "checksum": "f37abb39d306d12ae801e214b0abe37a"
        },
        {
          "type": "icon",
          "assetId": "EcqBmz2NUoYG",
          "checksum": "5c23f5df828b04c1b379dc1ed14656c9"
        },
        {
          "type": "icon",
          "assetId": "QrpZ1i6JSqTc",
          "checksum": "9cfa28bfb6469eb68271bbc715b1b3ba"
        },
        {
          "type": "icon",
          "assetId": "1licBNxf2jSI",
          "checksum": "8f03131924925760fad8ba134fd60d61"
        },
        {
          "type": "icon",
          "assetId": "25XXEU4Rg2cc",
          "checksum": "94a8c508d1182643623186f4c4034240"
        },
        {
          "type": "icon",
          "assetId": "kVlE-s7v9UAD",
          "checksum": "1e186d4d5b81da9301e635a46861c3ae"
        },
        {
          "type": "icon",
          "assetId": "2zjLdgtUSVL0",
          "checksum": "1e57b183f235ed807ad374cf72134e54"
        },
        {
          "type": "icon",
          "assetId": "AH5lD-3BNRD8",
          "checksum": "206dc31656a3d91ebe5f2c392fc90bd3"
        },
        {
          "type": "icon",
          "assetId": "7Pv833f6zny7",
          "checksum": "00d954eb4af02edb3f1728f5b9d4df3e"
        },
        {
          "type": "icon",
          "assetId": "XVrSqV2lvv5C",
          "checksum": "c50f2bff69a378845cfa8ecf3096669b"
        },
        {
          "type": "icon",
          "assetId": "YNqW16m9QYxq",
          "checksum": "6c0a7068439baa78858cf1175e16775c"
        },
        {
          "type": "icon",
          "assetId": "ZR5IDHBIvtiU",
          "checksum": "874b60a74a1450dae2f6c456de514b94"
        },
        {
          "type": "icon",
          "assetId": "GhLVjXZxrAzd",
          "checksum": "be3408c9541f6e4437868a89ca6bf169"
        },
        {
          "type": "icon",
          "assetId": "OVBc0JbvZ_NF",
          "checksum": "4855c31e7ec7d3134ee1aff8cd160785"
        },
        {
          "type": "icon",
          "assetId": "FR2E_RLZVMXf",
          "checksum": "4443ae62ea000a2492808488d268f060"
        },
        {
          "type": "icon",
          "assetId": "aMr0ffj0xQim",
          "checksum": "82b2fdfb2e1ff312a9dda15bc7e85eae"
        },
        {
          "type": "icon",
          "assetId": "0UauzyuByMVj",
          "checksum": "94ae51a7725f3b39ce4e93090a64acae"
        },
        {
          "type": "icon",
          "assetId": "11r4woj0soD9",
          "checksum": "92e1232a330a73ad522b23ca2f9ef90b"
        },
        {
          "type": "icon",
          "assetId": "zsK5618YMzbU",
          "checksum": "2f544d62aeedd7052228291071dadf1a"
        },
        {
          "type": "icon",
          "assetId": "wY5Chol5XWP5",
          "checksum": "25d76007903e04958c39363629fd0719"
        },
        {
          "type": "icon",
          "assetId": "piRQr0zAlszc",
          "checksum": "7b7e13c16c005f329bd588bd007bed22"
        },
        {
          "type": "icon",
          "assetId": "R2W6R26aorit",
          "checksum": "ee54073333d2fe732392c4246319ed07"
        },
        {
          "type": "icon",
          "assetId": "GVLaJo_5cElp",
          "checksum": "6ae00c90c07b0263ca27e144cc0d7403"
        },
        {
          "type": "icon",
          "assetId": "bclETRfwYx3a",
          "checksum": "4f737ce14cffe87575663be6f030fae9"
        },
        {
          "type": "icon",
          "assetId": "2Puvq_2l6Wf8",
          "checksum": "51feb7f2e3537aadb70b6d5dfe35b26d"
        },
        {
          "type": "icon",
          "assetId": "MlkAAizosQZN",
          "checksum": "89e846296bcf8f54789e82695561bcb0"
        },
        {
          "type": "icon",
          "assetId": "DQUt9EbqHU3i",
          "checksum": "6a516ce65201fd37ecb2b1ddea4b4b9c"
        },
        {
          "type": "icon",
          "assetId": "fO6AabQ4IBw5",
          "checksum": "e339789e16f251c29004e1393758f21e"
        },
        {
          "type": "icon",
          "assetId": "3O_nD0easAmm",
          "checksum": "ade57c8e5d1662ea2978ae6521f5f9d4"
        },
        {
          "type": "icon",
          "assetId": "jFQQA7Fx9jhh",
          "checksum": "aa032cbaa75c2b602c60ed45731143b4"
        },
        {
          "type": "icon",
          "assetId": "Ld1aJINcT52a",
          "checksum": "a40888d19f1d32b9b0dacf3631beb44d"
        },
        {
          "type": "icon",
          "assetId": "ao-96zHSOGSa",
          "checksum": "4b04c7e30b8e84ead1bd83a69836688c"
        },
        {
          "type": "icon",
          "assetId": "HVT5WFcfyB1T",
          "checksum": "8588d0ea19a4eeed7e18cfe5b2d4f0be"
        },
        {
          "type": "icon",
          "assetId": "y8PriRrPcr8_",
          "checksum": "f8deaa45beed876d3af010014f7239e7"
        },
        {
          "type": "icon",
          "assetId": "eF_8J1BmwzEi",
          "checksum": "f2cec3523126907db352cfb66b4e9e07"
        },
        {
          "type": "icon",
          "assetId": "cS5IdWRj79me",
          "checksum": "66ca08d31328e9560a721f61c9eeb24c"
        },
        {
          "type": "icon",
          "assetId": "rNh0VhbzmI-K",
          "checksum": "303089d02045a26c0287ac0ae75b7900"
        },
        {
          "type": "icon",
          "assetId": "YEwnn6QeOBV5",
          "checksum": "30b7d0383489acb1a9e25a82316ba31a"
        },
        {
          "type": "icon",
          "assetId": "655e8Oixvjur",
          "checksum": "c4556a8cc76a5f6eadfb42256deb14bf"
        },
        {
          "type": "icon",
          "assetId": "KTIJBmUC9ebc",
          "checksum": "af507318db4017a3b3dd95dd153e576c"
        },
        {
          "type": "icon",
          "assetId": "J7QoOeskZjOi",
          "checksum": "77757185372011dd2d02f3716b39d7f4"
        },
        {
          "type": "icon",
          "assetId": "hG2Cdp6h7uYP",
          "checksum": "86dd42e2201cecc5af87b46f62fbb352"
        },
        {
          "type": "icon",
          "assetId": "HGmlwR_SXc0K",
          "checksum": "60a79869ac879134a093d9d7539ef807"
        },
        {
          "type": "icon",
          "assetId": "ltmGd6EEQTkM",
          "checksum": "5641abb8e0dc7e4ef81ef140781ca6c3"
        },
        {
          "type": "icon",
          "assetId": "W5TuyOhDFvye",
          "checksum": "e0267af3dbc6a297ec8dedb63c06d2ac"
        },
        {
          "type": "icon",
          "assetId": "L3BWgu5uEFt1",
          "checksum": "55f804b2d9a127c8d006aad6b8fc16e1"
        },
        {
          "type": "icon",
          "assetId": "VxI4Yd7-77WN",
          "checksum": "cc11ac1c425a48bd50b0f0c819cb9a3a"
        },
        {
          "type": "icon",
          "assetId": "uBiPdWInmzin",
          "checksum": "e934ece9f3fcc0142a15c7cdb5639742"
        },
        {
          "type": "icon",
          "assetId": "dPHfOb7vW__a",
          "checksum": "59743047962cd97e523857fb0785e9c0"
        },
        {
          "type": "icon",
          "assetId": "hWFtiLutyxFI",
          "checksum": "a7ae35267bfcebd2d4c9951e07e5a0f5"
        },
        {
          "type": "icon",
          "assetId": "aCYzqJVJHsJT",
          "checksum": "99574affbc35a6d8288364ef9a545601"
        },
        {
          "type": "icon",
          "assetId": "SfbJ96cYb94A",
          "checksum": "d5ef99fd84f906be3e4f85bcb690d79b"
        },
        {
          "type": "icon",
          "assetId": "HS0Qmv7w7-NZ",
          "checksum": "042fa17c711cd8c74d0bc07414ee231b"
        },
        {
          "type": "icon",
          "assetId": "C0BmvJ9oxkHQ",
          "checksum": "cb53f5152d631462da9f7e6c1ab7f4dc"
        },
        {
          "type": "icon",
          "assetId": "FEcVFMAljzfm",
          "checksum": "210ba8d8c043d387e1a9a1656fa3242b"
        },
        {
          "type": "icon",
          "assetId": "K7BfOYYPYel0",
          "checksum": "9db90a17bb332702e0f260756d3c7e83"
        },
        {
          "type": "icon",
          "assetId": "ENzJlM2_Yx_x",
          "checksum": "672f7aec6d80f928bd323da542e48871"
        },
        {
          "type": "icon",
          "assetId": "10bRF4f0Gk3h",
          "checksum": "c78fc821eed47c57628c76dff0c80fa9"
        },
        {
          "type": "icon",
          "assetId": "T9QBTdf47Jp6",
          "checksum": "bc8e42a372528b07b9aacdd56b7af65d"
        },
        {
          "type": "image",
          "assetId": "goqtIEMTDxbH",
          "checksum": "15378a6bbe05474cfa1c415ecc756015"
        },
        {
          "type": "image",
          "assetId": "_fj8XEk-j5dB",
          "checksum": "bb66d2aa69e4e3e458f6d49fe10f2a39"
        },
        {
          "type": "image",
          "assetId": "wSiYFGB2I-FF",
          "checksum": "890a8339f8fc367f85c20c88e58e91c9"
        },
        {
          "type": "image",
          "assetId": "OrfLIfTBhdJs",
          "checksum": "b847692f27837613a8a7253b13734a7e"
        },
        {
          "type": "image",
          "assetId": "vdS3z57h7fY1",
          "checksum": "ef2eeaa01ae13107ebdfda376beded84"
        },
        {
          "type": "image",
          "assetId": "brCZ8Jm2WI0l",
          "checksum": "a2fbf044b06d64ea417c65baf4fe6892"
        },
        {
          "type": "image",
          "assetId": "VJaIRsQoeV0c",
          "checksum": "441d767289ee57605c33940919e1a796"
        },
        {
          "type": "image",
          "assetId": "ZzgKrXHrJ5lT",
          "checksum": "152e22b7f641b23b6dd4bddf7d5461ba"
        },
        {
          "type": "image",
          "assetId": "sl2dG82dqJ2w",
          "checksum": "aeca1c186d034b94ab920f0e630cc6a0"
        },
        {
          "type": "image",
          "assetId": "X1jdI4D4G9YX",
          "checksum": "787adf6f17b508da1c57213b7d00e702"
        },
        {
          "type": "image",
          "assetId": "7qj4HKNaN099",
          "checksum": "b4f2f3cfe1b543d735398217d30b5376"
        },
        {
          "type": "image",
          "assetId": "9QgHEkfMXYrp",
          "checksum": "6909237883f0e61400be31d166429b16"
        },
        {
          "type": "image",
          "assetId": "AWNc8iKyNCWy",
          "checksum": "e0088dedf2cef22cf53cff70aa6761d1"
        },
        {
          "type": "image",
          "assetId": "QONf7CkqqtmO",
          "checksum": "ca5e01dc6fefdd6a0c6d674e24518c00"
        },
        {
          "type": "image",
          "assetId": "hckQlHfzBmMi",
          "checksum": "f295eccacc74bc8cb7c5332e52cf5979"
        },
        {
          "type": "image",
          "assetId": "S3Acz0W1GE0i",
          "checksum": "f6dd7ee20ca8eba20709481ccadb476a"
        },
        {
          "type": "image",
          "assetId": "x0OnnEYoOwkR",
          "checksum": "994b4cfe99e422d0dfd4affd803d4aa0"
        },
        {
          "type": "image",
          "assetId": "fNj2ZRhHeLYf",
          "checksum": "06d1e90ac0d46fafe34e72f395867a13"
        },
        {
          "type": "image",
          "assetId": "kEcEjVMxVqT5",
          "checksum": "e42c224e93c8ecf99b8157db9d9ba4ae"
        },
        {
          "type": "image",
          "assetId": "5MMaiZe9VMsn",
          "checksum": "6ae26c8a24dbfb5e879bd32beb76c924"
        },
        {
          "type": "image",
          "assetId": "ZbQTvIq6lddH",
          "checksum": "d976f947368deb07cdce67de4b1a6a26"
        },
        {
          "type": "image",
          "assetId": "ul1VZY4RnTIa",
          "checksum": "9a14bef3df346a511a6cb23fd86dd2aa"
        },
        {
          "type": "image",
          "assetId": "OVOcrRVa1SxC",
          "checksum": "8057d5f40f8c8c20f8244f58cd6c5ef9"
        },
        {
          "type": "image",
          "assetId": "IDr2QDghKZZ7",
          "checksum": "3e40c66fbe6db933001f33246d7f7b85"
        },
        {
          "assetId": "eAfySU99xvgJvThuywVa8D",
          "type": "projectCss",
          "checksum": "466631edc78f20d8525a159f356b69b3"
        }
      ],
      "codegenVersion": "0.0.1"
    }
  ],
  "cliVersion": "0.1.334"
}
